// !$*UTF8*$!
{
	archiveVersion = 1;
	classes = {
	};
	objectVersion = 56;
	objects = {

/* Begin PBXBuildFile section */
		C866A9EF2A6ED266001D2CFD /* L9_DemoApp.swift in Sources */ = {isa = PBXBuildFile; fileRef = C866A9EE2A6ED266001D2CFD /* L9_DemoApp.swift */; };
		C866A9F12A6ED266001D2CFD /* ContentView.swift in Sources */ = {isa = PBXBuildFile; fileRef = C866A9F02A6ED266001D2CFD /* ContentView.swift */; };
		C866A9F32A6ED267001D2CFD /* Assets.xcassets in Resources */ = {isa = PBXBuildFile; fileRef = C866A9F22A6ED267001D2CFD /* Assets.xcassets */; };
		C866A9F62A6ED267001D2CFD /* Preview Assets.xcassets in Resources */ = {isa = PBXBuildFile; fileRef = C866A9F52A6ED267001D2CFD /* Preview Assets.xcassets */; };
		C866AA002A6ED267001D2CFD /* L9_DemoTests.swift in Sources */ = {isa = PBXBuildFile; fileRef = C866A9FF2A6ED267001D2CFD /* L9_DemoTests.swift */; };
		C866AA0A2A6ED267001D2CFD /* L9_DemoUITests.swift in Sources */ = {isa = PBXBuildFile; fileRef = C866AA092A6ED267001D2CFD /* L9_DemoUITests.swift */; };
		C866AA0C2A6ED267001D2CFD /* L9_DemoUITestsLaunchTests.swift in Sources */ = {isa = PBXBuildFile; fileRef = C866AA0B2A6ED267001D2CFD /* L9_DemoUITestsLaunchTests.swift */; };
		C866AA192A6ED6C1001D2CFD /* ControlPanel.swift in Sources */ = {isa = PBXBuildFile; fileRef = C866AA182A6ED6C1001D2CFD /* ControlPanel.swift */; };
		C866AA1C2A6F9642001D2CFD /* AccountView.swift in Sources */ = {isa = PBXBuildFile; fileRef = C866AA1B2A6F9642001D2CFD /* AccountView.swift */; };
		C866AA1E2A6F9649001D2CFD /* BalanceView.swift in Sources */ = {isa = PBXBuildFile; fileRef = C866AA1D2A6F9649001D2CFD /* BalanceView.swift */; };
		C866AA202A6F9666001D2CFD /* Profile.swift in Sources */ = {isa = PBXBuildFile; fileRef = C866AA1F2A6F9666001D2CFD /* Profile.swift */; };
/* End PBXBuildFile section */

/* Begin PBXContainerItemProxy section */
		C866A9FC2A6ED267001D2CFD /* PBXContainerItemProxy */ = {
			isa = PBXContainerItemProxy;
			containerPortal = C866A9E32A6ED265001D2CFD /* Project object */;
			proxyType = 1;
			remoteGlobalIDString = C866A9EA2A6ED266001D2CFD;
			remoteInfo = "L9 Demo";
		};
		C866AA062A6ED267001D2CFD /* PBXContainerItemProxy */ = {
			isa = PBXContainerItemProxy;
			containerPortal = C866A9E32A6ED265001D2CFD /* Project object */;
			proxyType = 1;
			remoteGlobalIDString = C866A9EA2A6ED266001D2CFD;
			remoteInfo = "L9 Demo";
		};
/* End PBXContainerItemProxy section */

/* Begin PBXFileReference section */
		C866A9EB2A6ED266001D2CFD /* L9 Demo.app */ = {isa = PBXFileReference; explicitFileType = wrapper.application; includeInIndex = 0; path = "L9 Demo.app"; sourceTree = BUILT_PRODUCTS_DIR; };
		C866A9EE2A6ED266001D2CFD /* L9_DemoApp.swift */ = {isa = PBXFileReference; lastKnownFileType = sourcecode.swift; path = L9_DemoApp.swift; sourceTree = "<group>"; };
		C866A9F02A6ED266001D2CFD /* ContentView.swift */ = {isa = PBXFileReference; lastKnownFileType = sourcecode.swift; path = ContentView.swift; sourceTree = "<group>"; };
		C866A9F22A6ED267001D2CFD /* Assets.xcassets */ = {isa = PBXFileReference; lastKnownFileType = folder.assetcatalog; path = Assets.xcassets; sourceTree = "<group>"; };
		C866A9F52A6ED267001D2CFD /* Preview Assets.xcassets */ = {isa = PBXFileReference; lastKnownFileType = folder.assetcatalog; path = "Preview Assets.xcassets"; sourceTree = "<group>"; };
		C866A9FB2A6ED267001D2CFD /* L9 DemoTests.xctest */ = {isa = PBXFileReference; explicitFileType = wrapper.cfbundle; includeInIndex = 0; path = "L9 DemoTests.xctest"; sourceTree = BUILT_PRODUCTS_DIR; };
		C866A9FF2A6ED267001D2CFD /* L9_DemoTests.swift */ = {isa = PBXFileReference; lastKnownFileType = sourcecode.swift; path = L9_DemoTests.swift; sourceTree = "<group>"; };
		C866AA052A6ED267001D2CFD /* L9 DemoUITests.xctest */ = {isa = PBXFileReference; explicitFileType = wrapper.cfbundle; includeInIndex = 0; path = "L9 DemoUITests.xctest"; sourceTree = BUILT_PRODUCTS_DIR; };
		C866AA092A6ED267001D2CFD /* L9_DemoUITests.swift */ = {isa = PBXFileReference; lastKnownFileType = sourcecode.swift; path = L9_DemoUITests.swift; sourceTree = "<group>"; };
		C866AA0B2A6ED267001D2CFD /* L9_DemoUITestsLaunchTests.swift */ = {isa = PBXFileReference; lastKnownFileType = sourcecode.swift; path = L9_DemoUITestsLaunchTests.swift; sourceTree = "<group>"; };
		C866AA182A6ED6C1001D2CFD /* ControlPanel.swift */ = {isa = PBXFileReference; lastKnownFileType = sourcecode.swift; path = ControlPanel.swift; sourceTree = "<group>"; };
		C866AA1B2A6F9642001D2CFD /* AccountView.swift */ = {isa = PBXFileReference; lastKnownFileType = sourcecode.swift; path = AccountView.swift; sourceTree = "<group>"; };
		C866AA1D2A6F9649001D2CFD /* BalanceView.swift */ = {isa = PBXFileReference; lastKnownFileType = sourcecode.swift; path = BalanceView.swift; sourceTree = "<group>"; };
		C866AA1F2A6F9666001D2CFD /* Profile.swift */ = {isa = PBXFileReference; lastKnownFileType = sourcecode.swift; path = Profile.swift; sourceTree = "<group>"; };
/* End PBXFileReference section */

/* Begin PBXFrameworksBuildPhase section */
		C866A9E82A6ED266001D2CFD /* Frameworks */ = {
			isa = PBXFrameworksBuildPhase;
			buildActionMask = 2147483647;
			files = (
			);
			runOnlyForDeploymentPostprocessing = 0;
		};
		C866A9F82A6ED267001D2CFD /* Frameworks */ = {
			isa = PBXFrameworksBuildPhase;
			buildActionMask = 2147483647;
			files = (
			);
			runOnlyForDeploymentPostprocessing = 0;
		};
		C866AA022A6ED267001D2CFD /* Frameworks */ = {
			isa = PBXFrameworksBuildPhase;
			buildActionMask = 2147483647;
			files = (
			);
			runOnlyForDeploymentPostprocessing = 0;
		};
/* End PBXFrameworksBuildPhase section */

/* Begin PBXGroup section */
		C866A9E22A6ED265001D2CFD = {
			isa = PBXGroup;
			children = (
				C866A9ED2A6ED266001D2CFD /* L9 Demo */,
				C866A9FE2A6ED267001D2CFD /* L9 DemoTests */,
				C866AA082A6ED267001D2CFD /* L9 DemoUITests */,
				C866A9EC2A6ED266001D2CFD /* Products */,
			);
			sourceTree = "<group>";
		};
		C866A9EC2A6ED266001D2CFD /* Products */ = {
			isa = PBXGroup;
			children = (
				C866A9EB2A6ED266001D2CFD /* L9 Demo.app */,
				C866A9FB2A6ED267001D2CFD /* L9 DemoTests.xctest */,
				C866AA052A6ED267001D2CFD /* L9 DemoUITests.xctest */,
			);
			name = Products;
			sourceTree = "<group>";
		};
		C866A9ED2A6ED266001D2CFD /* L9 Demo */ = {
			isa = PBXGroup;
			children = (
				C866A9EE2A6ED266001D2CFD /* L9_DemoApp.swift */,
				C866A9F02A6ED266001D2CFD /* ContentView.swift */,
				C866AA182A6ED6C1001D2CFD /* ControlPanel.swift */,
				C866A9F22A6ED267001D2CFD /* Assets.xcassets */,
				C866AA1A2A6F961F001D2CFD /* ObservableObject */,
				C866A9F42A6ED267001D2CFD /* Preview Content */,
			);
			path = "L9 Demo";
			sourceTree = "<group>";
		};
		C866A9F42A6ED267001D2CFD /* Preview Content */ = {
			isa = PBXGroup;
			children = (
				C866A9F52A6ED267001D2CFD /* Preview Assets.xcassets */,
			);
			path = "Preview Content";
			sourceTree = "<group>";
		};
		C866A9FE2A6ED267001D2CFD /* L9 DemoTests */ = {
			isa = PBXGroup;
			children = (
				C866A9FF2A6ED267001D2CFD /* L9_DemoTests.swift */,
			);
			path = "L9 DemoTests";
			sourceTree = "<group>";
		};
		C866AA082A6ED267001D2CFD /* L9 DemoUITests */ = {
			isa = PBXGroup;
			children = (
				C866AA092A6ED267001D2CFD /* L9_DemoUITests.swift */,
				C866AA0B2A6ED267001D2CFD /* L9_DemoUITestsLaunchTests.swift */,
			);
			path = "L9 DemoUITests";
			sourceTree = "<group>";
		};
		C866AA1A2A6F961F001D2CFD /* ObservableObject */ = {
			isa = PBXGroup;
			children = (
				C866AA1B2A6F9642001D2CFD /* AccountView.swift */,
				C866AA1D2A6F9649001D2CFD /* BalanceView.swift */,
				C866AA1F2A6F9666001D2CFD /* Profile.swift */,
			);
			path = ObservableObject;
			sourceTree = "<group>";
		};
/* End PBXGroup section */

/* Begin PBXNativeTarget section */
		C866A9EA2A6ED266001D2CFD /* L9 Demo */ = {
			isa = PBXNativeTarget;
			buildConfigurationList = C866AA0F2A6ED267001D2CFD /* Build configuration list for PBXNativeTarget "L9 Demo" */;
			buildPhases = (
				C866A9E72A6ED266001D2CFD /* Sources */,
				C866A9E82A6ED266001D2CFD /* Frameworks */,
				C866A9E92A6ED266001D2CFD /* Resources */,
			);
			buildRules = (
			);
			dependencies = (
			);
			name = "L9 Demo";
			productName = "L9 Demo";
			productReference = C866A9EB2A6ED266001D2CFD /* L9 Demo.app */;
			productType = "com.apple.product-type.application";
		};
		C866A9FA2A6ED267001D2CFD /* L9 DemoTests */ = {
			isa = PBXNativeTarget;
			buildConfigurationList = C866AA122A6ED267001D2CFD /* Build configuration list for PBXNativeTarget "L9 DemoTests" */;
			buildPhases = (
				C866A9F72A6ED267001D2CFD /* Sources */,
				C866A9F82A6ED267001D2CFD /* Frameworks */,
				C866A9F92A6ED267001D2CFD /* Resources */,
			);
			buildRules = (
			);
			dependencies = (
				C866A9FD2A6ED267001D2CFD /* PBXTargetDependency */,
			);
			name = "L9 DemoTests";
			productName = "L9 DemoTests";
			productReference = C866A9FB2A6ED267001D2CFD /* L9 DemoTests.xctest */;
			productType = "com.apple.product-type.bundle.unit-test";
		};
		C866AA042A6ED267001D2CFD /* L9 DemoUITests */ = {
			isa = PBXNativeTarget;
			buildConfigurationList = C866AA152A6ED267001D2CFD /* Build configuration list for PBXNativeTarget "L9 DemoUITests" */;
			buildPhases = (
				C866AA012A6ED267001D2CFD /* Sources */,
				C866AA022A6ED267001D2CFD /* Frameworks */,
				C866AA032A6ED267001D2CFD /* Resources */,
			);
			buildRules = (
			);
			dependencies = (
				C866AA072A6ED267001D2CFD /* PBXTargetDependency */,
			);
			name = "L9 DemoUITests";
			productName = "L9 DemoUITests";
			productReference = C866AA052A6ED267001D2CFD /* L9 DemoUITests.xctest */;
			productType = "com.apple.product-type.bundle.ui-testing";
		};
/* End PBXNativeTarget section */

/* Begin PBXProject section */
		C866A9E32A6ED265001D2CFD /* Project object */ = {
			isa = PBXProject;
			attributes = {
				BuildIndependentTargetsInParallel = 1;
				LastSwiftUpdateCheck = 1430;
				LastUpgradeCheck = 1430;
				TargetAttributes = {
					C866A9EA2A6ED266001D2CFD = {
						CreatedOnToolsVersion = 14.3.1;
					};
					C866A9FA2A6ED267001D2CFD = {
						CreatedOnToolsVersion = 14.3.1;
						TestTargetID = C866A9EA2A6ED266001D2CFD;
					};
					C866AA042A6ED267001D2CFD = {
						CreatedOnToolsVersion = 14.3.1;
						TestTargetID = C866A9EA2A6ED266001D2CFD;
					};
				};
			};
			buildConfigurationList = C866A9E62A6ED265001D2CFD /* Build configuration list for PBXProject "L9 Demo" */;
			compatibilityVersion = "Xcode 14.0";
			developmentRegion = en;
			hasScannedForEncodings = 0;
			knownRegions = (
				en,
				Base,
			);
			mainGroup = C866A9E22A6ED265001D2CFD;
			productRefGroup = C866A9EC2A6ED266001D2CFD /* Products */;
			projectDirPath = "";
			projectRoot = "";
			targets = (
				C866A9EA2A6ED266001D2CFD /* L9 Demo */,
				C866A9FA2A6ED267001D2CFD /* L9 DemoTests */,
				C866AA042A6ED267001D2CFD /* L9 DemoUITests */,
			);
		};
/* End PBXProject section */

/* Begin PBXResourcesBuildPhase section */
		C866A9E92A6ED266001D2CFD /* Resources */ = {
			isa = PBXResourcesBuildPhase;
			buildActionMask = 2147483647;
			files = (
				C866A9F62A6ED267001D2CFD /* Preview Assets.xcassets in Resources */,
				C866A9F32A6ED267001D2CFD /* Assets.xcassets in Resources */,
			);
			runOnlyForDeploymentPostprocessing = 0;
		};
		C866A9F92A6ED267001D2CFD /* Resources */ = {
			isa = PBXResourcesBuildPhase;
			buildActionMask = 2147483647;
			files = (
			);
			runOnlyForDeploymentPostprocessing = 0;
		};
		C866AA032A6ED267001D2CFD /* Resources */ = {
			isa = PBXResourcesBuildPhase;
			buildActionMask = 2147483647;
			files = (
			);
			runOnlyForDeploymentPostprocessing = 0;
		};
/* End PBXResourcesBuildPhase section */

/* Begin PBXSourcesBuildPhase section */
		C866A9E72A6ED266001D2CFD /* Sources */ = {
			isa = PBXSourcesBuildPhase;
			buildActionMask = 2147483647;
			files = (
				C866AA1C2A6F9642001D2CFD /* AccountView.swift in Sources */,
				C866AA202A6F9666001D2CFD /* Profile.swift in Sources */,
				C866AA1E2A6F9649001D2CFD /* BalanceView.swift in Sources */,
				C866AA192A6ED6C1001D2CFD /* ControlPanel.swift in Sources */,
				C866A9F12A6ED266001D2CFD /* ContentView.swift in Sources */,
				C866A9EF2A6ED266001D2CFD /* L9_DemoApp.swift in Sources */,
			);
			runOnlyForDeploymentPostprocessing = 0;
		};
		C866A9F72A6ED267001D2CFD /* Sources */ = {
			isa = PBXSourcesBuildPhase;
			buildActionMask = 2147483647;
			files = (
				C866AA002A6ED267001D2CFD /* L9_DemoTests.swift in Sources */,
			);
			runOnlyForDeploymentPostprocessing = 0;
		};
		C866AA012A6ED267001D2CFD /* Sources */ = {
			isa = PBXSourcesBuildPhase;
			buildActionMask = 2147483647;
			files = (
				C866AA0C2A6ED267001D2CFD /* L9_DemoUITestsLaunchTests.swift in Sources */,
				C866AA0A2A6ED267001D2CFD /* L9_DemoUITests.swift in Sources */,
			);
			runOnlyForDeploymentPostprocessing = 0;
		};
/* End PBXSourcesBuildPhase section */

/* Begin PBXTargetDependency section */
		C866A9FD2A6ED267001D2CFD /* PBXTargetDependency */ = {
			isa = PBXTargetDependency;
			target = C866A9EA2A6ED266001D2CFD /* L9 Demo */;
			targetProxy = C866A9FC2A6ED267001D2CFD /* PBXContainerItemProxy */;
		};
		C866AA072A6ED267001D2CFD /* PBXTargetDependency */ = {
			isa = PBXTargetDependency;
			target = C866A9EA2A6ED266001D2CFD /* L9 Demo */;
			targetProxy = C866AA062A6ED267001D2CFD /* PBXContainerItemProxy */;
		};
/* End PBXTargetDependency section */

/* Begin XCBuildConfiguration section */
		C866AA0D2A6ED267001D2CFD /* Debug */ = {
			isa = XCBuildConfiguration;
			buildSettings = {
				ALWAYS_SEARCH_USER_PATHS = NO;
				CLANG_ANALYZER_NONNULL = YES;
				CLANG_ANALYZER_NUMBER_OBJECT_CONVERSION = YES_AGGRESSIVE;
				CLANG_CXX_LANGUAGE_STANDARD = "gnu++20";
				CLANG_ENABLE_MODULES = YES;
				CLANG_ENABLE_OBJC_ARC = YES;
				CLANG_ENABLE_OBJC_WEAK = YES;
				CLANG_WARN_BLOCK_CAPTURE_AUTORELEASING = YES;
				CLANG_WARN_BOOL_CONVERSION = YES;
				CLANG_WARN_COMMA = YES;
				CLANG_WARN_CONSTANT_CONVERSION = YES;
				CLANG_WARN_DEPRECATED_OBJC_IMPLEMENTATIONS = YES;
				CLANG_WARN_DIRECT_OBJC_ISA_USAGE = YES_ERROR;
				CLANG_WARN_DOCUMENTATION_COMMENTS = YES;
				CLANG_WARN_EMPTY_BODY = YES;
				CLANG_WARN_ENUM_CONVERSION = YES;
				CLANG_WARN_INFINITE_RECURSION = YES;
				CLANG_WARN_INT_CONVERSION = YES;
				CLANG_WARN_NON_LITERAL_NULL_CONVERSION = YES;
				CLANG_WARN_OBJC_IMPLICIT_RETAIN_SELF = YES;
				CLANG_WARN_OBJC_LITERAL_CONVERSION = YES;
				CLANG_WARN_OBJC_ROOT_CLASS = YES_ERROR;
				CLANG_WARN_QUOTED_INCLUDE_IN_FRAMEWORK_HEADER = YES;
				CLANG_WARN_RANGE_LOOP_ANALYSIS = YES;
				CLANG_WARN_STRICT_PROTOTYPES = YES;
				CLANG_WARN_SUSPICIOUS_MOVE = YES;
				CLANG_WARN_UNGUARDED_AVAILABILITY = YES_AGGRESSIVE;
				CLANG_WARN_UNREACHABLE_CODE = YES;
				CLANG_WARN__DUPLICATE_METHOD_MATCH = YES;
				COPY_PHASE_STRIP = NO;
				DEBUG_INFORMATION_FORMAT = dwarf;
				ENABLE_STRICT_OBJC_MSGSEND = YES;
				ENABLE_TESTABILITY = YES;
				GCC_C_LANGUAGE_STANDARD = gnu11;
				GCC_DYNAMIC_NO_PIC = NO;
				GCC_NO_COMMON_BLOCKS = YES;
				GCC_OPTIMIZATION_LEVEL = 0;
				GCC_PREPROCESSOR_DEFINITIONS = (
					"DEBUG=1",
					"$(inherited)",
				);
				GCC_WARN_64_TO_32_BIT_CONVERSION = YES;
				GCC_WARN_ABOUT_RETURN_TYPE = YES_ERROR;
				GCC_WARN_UNDECLARED_SELECTOR = YES;
				GCC_WARN_UNINITIALIZED_AUTOS = YES_AGGRESSIVE;
				GCC_WARN_UNUSED_FUNCTION = YES;
				GCC_WARN_UNUSED_VARIABLE = YES;
				IPHONEOS_DEPLOYMENT_TARGET = 16;
				MTL_ENABLE_DEBUG_INFO = INCLUDE_SOURCE;
				MTL_FAST_MATH = YES;
				ONLY_ACTIVE_ARCH = YES;
				SDKROOT = iphoneos;
				SWIFT_ACTIVE_COMPILATION_CONDITIONS = DEBUG;
				SWIFT_OPTIMIZATION_LEVEL = "-Onone";
			};
			name = Debug;
		};
		C866AA0E2A6ED267001D2CFD /* Release */ = {
			isa = XCBuildConfiguration;
			buildSettings = {
				ALWAYS_SEARCH_USER_PATHS = NO;
				CLANG_ANALYZER_NONNULL = YES;
				CLANG_ANALYZER_NUMBER_OBJECT_CONVERSION = YES_AGGRESSIVE;
				CLANG_CXX_LANGUAGE_STANDARD = "gnu++20";
				CLANG_ENABLE_MODULES = YES;
				CLANG_ENABLE_OBJC_ARC = YES;
				CLANG_ENABLE_OBJC_WEAK = YES;
				CLANG_WARN_BLOCK_CAPTURE_AUTORELEASING = YES;
				CLANG_WARN_BOOL_CONVERSION = YES;
				CLANG_WARN_COMMA = YES;
				CLANG_WARN_CONSTANT_CONVERSION = YES;
				CLANG_WARN_DEPRECATED_OBJC_IMPLEMENTATIONS = YES;
				CLANG_WARN_DIRECT_OBJC_ISA_USAGE = YES_ERROR;
				CLANG_WARN_DOCUMENTATION_COMMENTS = YES;
				CLANG_WARN_EMPTY_BODY = YES;
				CLANG_WARN_ENUM_CONVERSION = YES;
				CLANG_WARN_INFINITE_RECURSION = YES;
				CLANG_WARN_INT_CONVERSION = YES;
				CLANG_WARN_NON_LITERAL_NULL_CONVERSION = YES;
				CLANG_WARN_OBJC_IMPLICIT_RETAIN_SELF = YES;
				CLANG_WARN_OBJC_LITERAL_CONVERSION = YES;
				CLANG_WARN_OBJC_ROOT_CLASS = YES_ERROR;
				CLANG_WARN_QUOTED_INCLUDE_IN_FRAMEWORK_HEADER = YES;
				CLANG_WARN_RANGE_LOOP_ANALYSIS = YES;
				CLANG_WARN_STRICT_PROTOTYPES = YES;
				CLANG_WARN_SUSPICIOUS_MOVE = YES;
				CLANG_WARN_UNGUARDED_AVAILABILITY = YES_AGGRESSIVE;
				CLANG_WARN_UNREACHABLE_CODE = YES;
				CLANG_WARN__DUPLICATE_METHOD_MATCH = YES;
				COPY_PHASE_STRIP = NO;
				DEBUG_INFORMATION_FORMAT = "dwarf-with-dsym";
				ENABLE_NS_ASSERTIONS = NO;
				ENABLE_STRICT_OBJC_MSGSEND = YES;
				GCC_C_LANGUAGE_STANDARD = gnu11;
				GCC_NO_COMMON_BLOCKS = YES;
				GCC_WARN_64_TO_32_BIT_CONVERSION = YES;
				GCC_WARN_ABOUT_RETURN_TYPE = YES_ERROR;
				GCC_WARN_UNDECLARED_SELECTOR = YES;
				GCC_WARN_UNINITIALIZED_AUTOS = YES_AGGRESSIVE;
				GCC_WARN_UNUSED_FUNCTION = YES;
				GCC_WARN_UNUSED_VARIABLE = YES;
				IPHONEOS_DEPLOYMENT_TARGET = 16;
				MTL_ENABLE_DEBUG_INFO = NO;
				MTL_FAST_MATH = YES;
				SDKROOT = iphoneos;
				SWIFT_COMPILATION_MODE = wholemodule;
				SWIFT_OPTIMIZATION_LEVEL = "-O";
				VALIDATE_PRODUCT = YES;
			};
			name = Release;
		};
		C866AA102A6ED267001D2CFD /* Debug */ = {
			isa = XCBuildConfiguration;
			buildSettings = {
				ASSETCATALOG_COMPILER_APPICON_NAME = AppIcon;
				ASSETCATALOG_COMPILER_GLOBAL_ACCENT_COLOR_NAME = AccentColor;
				CODE_SIGN_STYLE = Automatic;
				CURRENT_PROJECT_VERSION = 1;
				DEVELOPMENT_ASSET_PATHS = "\"L9 Demo/Preview Content\"";
				DEVELOPMENT_TEAM = 8WYZ782KW5;
				ENABLE_PREVIEWS = YES;
				GENERATE_INFOPLIST_FILE = YES;
				INFOPLIST_KEY_UIApplicationSceneManifest_Generation = YES;
				INFOPLIST_KEY_UIApplicationSupportsIndirectInputEvents = YES;
				INFOPLIST_KEY_UILaunchScreen_Generation = YES;
				INFOPLIST_KEY_UISupportedInterfaceOrientations_iPad = "UIInterfaceOrientationPortrait UIInterfaceOrientationPortraitUpsideDown UIInterfaceOrientationLandscapeLeft UIInterfaceOrientationLandscapeRight";
				INFOPLIST_KEY_UISupportedInterfaceOrientations_iPhone = "UIInterfaceOrientationPortrait UIInterfaceOrientationLandscapeLeft UIInterfaceOrientationLandscapeRight";
				LD_RUNPATH_SEARCH_PATHS = (
					"$(inherited)",
					"@executable_path/Frameworks",
				);
				MARKETING_VERSION = 1.0;
				PRODUCT_BUNDLE_IDENTIFIER = "io.tianbo.L9-Demo";
				PRODUCT_NAME = "$(TARGET_NAME)";
				SWIFT_EMIT_LOC_STRINGS = YES;
				SWIFT_VERSION = 5.0;
				TARGETED_DEVICE_FAMILY = "1,2";
			};
			name = Debug;
		};
		C866AA112A6ED267001D2CFD /* Release */ = {
			isa = XCBuildConfiguration;
			buildSettings = {
				ASSETCATALOG_COMPILER_APPICON_NAME = AppIcon;
				ASSETCATALOG_COMPILER_GLOBAL_ACCENT_COLOR_NAME = AccentColor;
				CODE_SIGN_STYLE = Automatic;
				CURRENT_PROJECT_VERSION = 1;
				DEVELOPMENT_ASSET_PATHS = "\"L9 Demo/Preview Content\"";
				DEVELOPMENT_TEAM = 8WYZ782KW5;
				ENABLE_PREVIEWS = YES;
				GENERATE_INFOPLIST_FILE = YES;
				INFOPLIST_KEY_UIApplicationSceneManifest_Generation = YES;
				INFOPLIST_KEY_UIApplicationSupportsIndirectInputEvents = YES;
				INFOPLIST_KEY_UILaunchScreen_Generation = YES;
				INFOPLIST_KEY_UISupportedInterfaceOrientations_iPad = "UIInterfaceOrientationPortrait UIInterfaceOrientationPortraitUpsideDown UIInterfaceOrientationLandscapeLeft UIInterfaceOrientationLandscapeRight";
				INFOPLIST_KEY_UISupportedInterfaceOrientations_iPhone = "UIInterfaceOrientationPortrait UIInterfaceOrientationLandscapeLeft UIInterfaceOrientationLandscapeRight";
				LD_RUNPATH_SEARCH_PATHS = (
					"$(inherited)",
					"@executable_path/Frameworks",
				);
				MARKETING_VERSION = 1.0;
				PRODUCT_BUNDLE_IDENTIFIER = "io.tianbo.L9-Demo";
				PRODUCT_NAME = "$(TARGET_NAME)";
				SWIFT_EMIT_LOC_STRINGS = YES;
				SWIFT_VERSION = 5.0;
				TARGETED_DEVICE_FAMILY = "1,2";
			};
			name = Release;
		};
		C866AA132A6ED267001D2CFD /* Debug */ = {
			isa = XCBuildConfiguration;
			buildSettings = {
				ALWAYS_EMBED_SWIFT_STANDARD_LIBRARIES = YES;
				BUNDLE_LOADER = "$(TEST_HOST)";
				CODE_SIGN_STYLE = Automatic;
				CURRENT_PROJECT_VERSION = 1;
				DEVELOPMENT_TEAM = 8WYZ782KW5;
				GENERATE_INFOPLIST_FILE = YES;
				IPHONEOS_DEPLOYMENT_TARGET = 16.4;
				MARKETING_VERSION = 1.0;
				PRODUCT_BUNDLE_IDENTIFIER = "io.tianbo.L9-DemoTests";
				PRODUCT_NAME = "$(TARGET_NAME)";
				SWIFT_EMIT_LOC_STRINGS = NO;
				SWIFT_VERSION = 5.0;
				TARGETED_DEVICE_FAMILY = "1,2";
				TEST_HOST = "$(BUILT_PRODUCTS_DIR)/L9 Demo.app/$(BUNDLE_EXECUTABLE_FOLDER_PATH)/L9 Demo";
			};
			name = Debug;
		};
		C866AA142A6ED267001D2CFD /* Release */ = {
			isa = XCBuildConfiguration;
			buildSettings = {
				ALWAYS_EMBED_SWIFT_STANDARD_LIBRARIES = YES;
				BUNDLE_LOADER = "$(TEST_HOST)";
				CODE_SIGN_STYLE = Automatic;
				CURRENT_PROJECT_VERSION = 1;
				DEVELOPMENT_TEAM = 8WYZ782KW5;
				GENERATE_INFOPLIST_FILE = YES;
				IPHONEOS_DEPLOYMENT_TARGET = 16.4;
				MARKETING_VERSION = 1.0;
				PRODUCT_BUNDLE_IDENTIFIER = "io.tianbo.L9-DemoTests";
				PRODUCT_NAME = "$(TARGET_NAME)";
				SWIFT_EMIT_LOC_STRINGS = NO;
				SWIFT_VERSION = 5.0;
				TARGETED_DEVICE_FAMILY = "1,2";
				TEST_HOST = "$(BUILT_PRODUCTS_DIR)/L9 Demo.app/$(BUNDLE_EXECUTABLE_FOLDER_PATH)/L9 Demo";
			};
			name = Release;
		};
		C866AA162A6ED267001D2CFD /* Debug */ = {
			isa = XCBuildConfiguration;
			buildSettings = {
				ALWAYS_EMBED_SWIFT_STANDARD_LIBRARIES = YES;
				CODE_SIGN_STYLE = Automatic;
				CURRENT_PROJECT_VERSION = 1;
				DEVELOPMENT_TEAM = 8WYZ782KW5;
				GENERATE_INFOPLIST_FILE = YES;
				MARKETING_VERSION = 1.0;
				PRODUCT_BUNDLE_IDENTIFIER = "io.tianbo.L9-DemoUITests";
				PRODUCT_NAME = "$(TARGET_NAME)";
				SWIFT_EMIT_LOC_STRINGS = NO;
				SWIFT_VERSION = 5.0;
				TARGETED_DEVICE_FAMILY = "1,2";
				TEST_TARGET_NAME = "L9 Demo";
			};
			name = Debug;
		};
		C866AA172A6ED267001D2CFD /* Release */ = {
			isa = XCBuildConfiguration;
			buildSettings = {
				ALWAYS_EMBED_SWIFT_STANDARD_LIBRARIES = YES;
				CODE_SIGN_STYLE = Automatic;
				CURRENT_PROJECT_VERSION = 1;
				DEVELOPMENT_TEAM = 8WYZ782KW5;
				GENERATE_INFOPLIST_FILE = YES;
				MARKETING_VERSION = 1.0;
				PRODUCT_BUNDLE_IDENTIFIER = "io.tianbo.L9-DemoUITests";
				PRODUCT_NAME = "$(TARGET_NAME)";
				SWIFT_EMIT_LOC_STRINGS = NO;
				SWIFT_VERSION = 5.0;
				TARGETED_DEVICE_FAMILY = "1,2";
				TEST_TARGET_NAME = "L9 Demo";
			};
			name = Release;
		};
/* End XCBuildConfiguration section */

/* Begin XCConfigurationList section */
		C866A9E62A6ED265001D2CFD /* Build configuration list for PBXProject "L9 Demo" */ = {
			isa = XCConfigurationList;
			buildConfigurations = (
				C866AA0D2A6ED267001D2CFD /* Debug */,
				C866AA0E2A6ED267001D2CFD /* Release */,
			);
			defaultConfigurationIsVisible = 0;
			defaultConfigurationName = Release;
		};
		C866AA0F2A6ED267001D2CFD /* Build configuration list for PBXNativeTarget "L9 Demo" */ = {
			isa = XCConfigurationList;
			buildConfigurations = (
				C866AA102A6ED267001D2CFD /* Debug */,
				C866AA112A6ED267001D2CFD /* Release */,
			);
			defaultConfigurationIsVisible = 0;
			defaultConfigurationName = Release;
		};
		C866AA122A6ED267001D2CFD /* Build configuration list for PBXNativeTarget "L9 DemoTests" */ = {
			isa = XCConfigurationList;
			buildConfigurations = (
				C866AA132A6ED267001D2CFD /* Debug */,
				C866AA142A6ED267001D2CFD /* Release */,
			);
			defaultConfigurationIsVisible = 0;
			defaultConfigurationName = Release;
		};
		C866AA152A6ED267001D2CFD /* Build configuration list for PBXNativeTarget "L9 DemoUITests" */ = {
			isa = XCConfigurationList;
			buildConfigurations = (
				C866AA162A6ED267001D2CFD /* Debug */,
				C866AA172A6ED267001D2CFD /* Release */,
			);
			defaultConfigurationIsVisible = 0;
			defaultConfigurationName = Release;
		};
/* End XCConfigurationList section */
	};
	rootObject = C866A9E32A6ED265001D2CFD /* Project object */;
}
